
Microsoft Visual Studio Solution File, Format Version 12.00
# Visual Studio Version 17
VisualStudioVersion = 17.4.33213.308
MinimumVisualStudioVersion = 10.0.40219.1
Project("{F184B08F-C81C-45F6-A57F-5ABD9991F28F}") = "actualdreampizza", "actualdreampizza\actualdreampizza.vbproj", "{B2028292-6475-4506-A45F-FD09FE710592}"
EndProject
Global
	GlobalSection(SolutionConfigurationPlatforms) = preSolution
		Debug|Any CPU = Debug|Any CPU
		Release|Any CPU = Release|Any CPU
	EndGlobalSection
	GlobalSection(ProjectConfigurationPlatforms) = postSolution
		{B2028292-6475-4506-A45F-FD09FE710592}.Debug|Any CPU.ActiveCfg = Debug|Any CPU
		{B2028292-6475-4506-A45F-FD09FE710592}.Debug|Any CPU.Build.0 = Debug|Any CPU
		{B2028292-6475-4506-A45F-FD09FE710592}.Release|Any CPU.ActiveCfg = Release|Any CPU
		{B2028292-6475-4506-A45F-FD09FE710592}.Release|Any CPU.Build.0 = Release|Any CPU
	EndGlobalSection
	GlobalSection(SolutionProperties) = preSolution
		HideSolutionNode = FALSE
	EndGlobalSection
	GlobalSection(ExtensibilityGlobals) = postSolution
		SolutionGuid = {2001E2E1-6497-460E-A01B-350ABB4CBE7D}
	EndGlobalSection
EndGlobal
